
Microsoft Visual Studio Solution File, Format Version 12.00
# Visual Studio Version 17
VisualStudioVersion = 17.2.32519.379
MinimumVisualStudioVersion = 10.0.40219.1
Project("{FAE04EC0-301F-11D3-BF4B-00C04F79EFBC}") = "xadrez-console", "xadrez-console\xadrez-console.csproj", "{CEC968BE-6B10-4A90-81F0-DC24C72CC26F}"
EndProject
Global
	GlobalSection(SolutionConfigurationPlatforms) = preSolution
		Debug|Any CPU = Debug|Any CPU
		Release|Any CPU = Release|Any CPU
	EndGlobalSection
	GlobalSection(ProjectConfigurationPlatforms) = postSolution
		{CEC968BE-6B10-4A90-81F0-DC24C72CC26F}.Debug|Any CPU.ActiveCfg = Debug|Any CPU
		{CEC968BE-6B10-4A90-81F0-DC24C72CC26F}.Debug|Any CPU.Build.0 = Debug|Any CPU
		{CEC968BE-6B10-4A90-81F0-DC24C72CC26F}.Release|Any CPU.ActiveCfg = Release|Any CPU
		{CEC968BE-6B10-4A90-81F0-DC24C72CC26F}.Release|Any CPU.Build.0 = Release|Any CPU
	EndGlobalSection
	GlobalSection(SolutionProperties) = preSolution
		HideSolutionNode = FALSE
	EndGlobalSection
	GlobalSection(ExtensibilityGlobals) = postSolution
		SolutionGuid = {531AB400-081A-4648-B122-CE9B97F1986A}
	EndGlobalSection
EndGlobal
